
Microsoft Visual Studio Solution File, Format Version 12.00
# Visual Studio 2012
Project("{FAE04EC0-301F-11D3-BF4B-00C04F79EFBC}") = "xm-custom.view", "xm-custom.view\xm-custom.view.csproj", "{040D31B5-4ED2-4A8E-B8C0-D3CC36FFB36F}"
EndProject
Project("{FAE04EC0-301F-11D3-BF4B-00C04F79EFBC}") = "xm-custom.view.Droid", "Droid\xm-custom.view.Droid.csproj", "{38E8A097-BDF1-4464-AD80-FA7D1FCAFF5B}"
EndProject
Project("{FAE04EC0-301F-11D3-BF4B-00C04F79EFBC}") = "xm-custom.view.UITests", "UITests\xm-custom.view.UITests.csproj", "{806F66DD-38AF-4303-9367-236273C97292}"
EndProject
Global
	GlobalSection(SolutionConfigurationPlatforms) = preSolution
		Debug|Any CPU = Debug|Any CPU
		Release|Any CPU = Release|Any CPU
	EndGlobalSection
	GlobalSection(ProjectConfigurationPlatforms) = postSolution
		{040D31B5-4ED2-4A8E-B8C0-D3CC36FFB36F}.Debug|Any CPU.ActiveCfg = Debug|Any CPU
		{040D31B5-4ED2-4A8E-B8C0-D3CC36FFB36F}.Debug|Any CPU.Build.0 = Debug|Any CPU
		{040D31B5-4ED2-4A8E-B8C0-D3CC36FFB36F}.Release|Any CPU.ActiveCfg = Release|Any CPU
		{040D31B5-4ED2-4A8E-B8C0-D3CC36FFB36F}.Release|Any CPU.Build.0 = Release|Any CPU
		{38E8A097-BDF1-4464-AD80-FA7D1FCAFF5B}.Debug|Any CPU.ActiveCfg = Debug|Any CPU
		{38E8A097-BDF1-4464-AD80-FA7D1FCAFF5B}.Debug|Any CPU.Build.0 = Debug|Any CPU
		{38E8A097-BDF1-4464-AD80-FA7D1FCAFF5B}.Release|Any CPU.ActiveCfg = Release|Any CPU
		{38E8A097-BDF1-4464-AD80-FA7D1FCAFF5B}.Release|Any CPU.Build.0 = Release|Any CPU
		{806F66DD-38AF-4303-9367-236273C97292}.Debug|Any CPU.ActiveCfg = Debug|Any CPU
		{806F66DD-38AF-4303-9367-236273C97292}.Debug|Any CPU.Build.0 = Debug|Any CPU
		{806F66DD-38AF-4303-9367-236273C97292}.Release|Any CPU.ActiveCfg = Release|Any CPU
		{806F66DD-38AF-4303-9367-236273C97292}.Release|Any CPU.Build.0 = Release|Any CPU
	EndGlobalSection
EndGlobal
